{
  "name": "TECHMEDICINE",
  "lockfileVersion": 2,
  "requires": true,
  "packages": {
    "": {
      "dependencies": {
        "@fullcalendar/angular": "^5.10.2",
        "@fullcalendar/bootstrap5": "^5.10.2"
      }
    },
    "node_modules/@angular/common": {
      "version": "13.2.6",
      "resolved": "https://registry.npmjs.org/@angular/common/-/common-13.2.6.tgz",
      "integrity": "sha512-t4XRb9db4UeRcPs5aHNtGuXRKSvGBlTEr0zzSeoKzHD9TCaO4dSDISh9obS9hThaPuBmPKRUHN5KE1HFmqnSHg==",
      "peer": true,
      "dependencies": {
        "tslib": "^2.3.0"
      },
      "engines": {
        "node": "^12.20.0 || ^14.15.0 || >=16.10.0"
      },
      "peerDependencies": {
        "@angular/core": "13.2.6",
        "rxjs": "^6.5.3 || ^7.4.0"
      }
    },
    "node_modules/@angular/core": {
      "version": "13.2.6",
      "resolved": "https://registry.npmjs.org/@angular/core/-/core-13.2.6.tgz",
      "integrity": "sha512-ctWsxuaSO3d3afLW+wkJSyiEIA2uhaTKNps9x5wz/oZJDaUDYVa4PM4x7/UHn2bXzBjXjN9LSW8h9F31iwmcTg==",
      "peer": true,
      "dependencies": {
        "tslib": "^2.3.0"
      },
      "engines": {
        "node": "^12.20.0 || ^14.15.0 || >=16.10.0"
      },
      "peerDependencies": {
        "rxjs": "^6.5.3 || ^7.4.0",
        "zone.js": "~0.11.4"
      }
    },
    "node_modules/@fullcalendar/angular": {
      "version": "5.10.2",
      "resolved": "https://registry.npmjs.org/@fullcalendar/angular/-/angular-5.10.2.tgz",
      "integrity": "sha512-VullPnzbs2eoPZi8JGPvOYEDRx0juOUGXQCMNgAxAylxdhMDi3wt5LV2uirXUIFpjgLHOxha2c9sVU0oqAPhqA==",
      "dependencies": {
        "@fullcalendar/core": "~5.10.1",
        "fast-deep-equal": "^3.1.1",
        "tslib": "^2.0.0"
      },
      "engines": {
        "node": ">= 6.9.0",
        "npm": ">= 3.0.0"
      },
      "peerDependencies": {
        "@angular/common": "9 - 13",
        "@angular/core": "9 - 13"
      }
    },
    "node_modules/@fullcalendar/bootstrap5": {
      "version": "5.10.2",
      "resolved": "https://registry.npmjs.org/@fullcalendar/bootstrap5/-/bootstrap5-5.10.2.tgz",
      "integrity": "sha512-0wrpvHjwdp5+Wx5SNpEH9B3BDBLZ/6PylKMWph5tiBAvIxhoWFH3GhyTdbz77ImjjqOsIRT1Y6zofSLxqcwvIg==",
      "dependencies": {
        "@fullcalendar/common": "~5.10.1",
        "tslib": "^2.1.0"
      }
    },
    "node_modules/@fullcalendar/common": {
      "version": "5.10.1",
      "resolved": "https://registry.npmjs.org/@fullcalendar/common/-/common-5.10.1.tgz",
      "integrity": "sha512-EumKIJcQTvQdTs75/9dmeREFgjcRVWzqHJS1Xvlz5mNsmB+w9EINCHETRjChtAQg1WD/lTQyVj4sHsKO7vCMSw==",
      "dependencies": {
        "tslib": "^2.1.0"
      }
    },
    "node_modules/@fullcalendar/core": {
      "version": "5.10.1",
      "resolved": "https://registry.npmjs.org/@fullcalendar/core/-/core-5.10.1.tgz",
      "integrity": "sha512-8sVuC6ywXV+cxqsqTZaR1hgUqeyjVed20NyZ7lGW9AY0kma1GIEwLgqPS5Q6uVhHyin68lmgecKfJCwhxENE8w==",
      "dependencies": {
        "@fullcalendar/common": "~5.10.1",
        "preact": "^10.0.5",
        "tslib": "^2.1.0"
      }
    },
    "node_modules/fast-deep-equal": {
      "version": "3.1.3",
      "resolved": "https://registry.npmjs.org/fast-deep-equal/-/fast-deep-equal-3.1.3.tgz",
      "integrity": "sha512-f3qQ9oQy9j2AhBe/H9VC91wLmKBCCU/gDOnKNAYG5hswO7BLKj09Hc5HYNz9cGI++xlpDCIgDaitVs03ATR84Q=="
    },
    "node_modules/preact": {
      "version": "10.6.6",
      "resolved": "https://registry.npmjs.org/preact/-/preact-10.6.6.tgz",
      "integrity": "sha512-dgxpTFV2vs4vizwKohYKkk7g7rmp1wOOcfd4Tz3IB3Wi+ivZzsn/SpeKJhRENSE+n8sUfsAl4S3HiCVT923ABw==",
      "funding": {
        "type": "opencollective",
        "url": "https://opencollective.com/preact"
      }
    },
    "node_modules/rxjs": {
      "version": "7.5.5",
      "resolved": "https://registry.npmjs.org/rxjs/-/rxjs-7.5.5.tgz",
      "integrity": "sha512-sy+H0pQofO95VDmFLzyaw9xNJU4KTRSwQIGM6+iG3SypAtCiLDzpeG8sJrNCWn2Up9km+KhkvTdbkrdy+yzZdw==",
      "peer": true,
      "dependencies": {
        "tslib": "^2.1.0"
      }
    },
    "node_modules/tslib": {
      "version": "2.3.1",
      "resolved": "https://registry.npmjs.org/tslib/-/tslib-2.3.1.tgz",
      "integrity": "sha512-77EbyPPpMz+FRFRuAFlWMtmgUWGe9UOG2Z25NqCwiIjRhOf5iKGuzSe5P2w1laq+FkRy4p+PCuVkJSGkzTEKVw=="
    },
    "node_modules/zone.js": {
      "version": "0.11.5",
      "resolved": "https://registry.npmjs.org/zone.js/-/zone.js-0.11.5.tgz",
      "integrity": "sha512-D1/7VxEuQ7xk6z/kAROe4SUbd9CzxY4zOwVGnGHerd/SgLIVU5f4esDzQUsOCeArn933BZfWMKydH7l7dPEp0g==",
      "peer": true,
      "dependencies": {
        "tslib": "^2.3.0"
      }
    }
  },
  "dependencies": {
    "@angular/common": {
      "version": "13.2.6",
      "resolved": "https://registry.npmjs.org/@angular/common/-/common-13.2.6.tgz",
      "integrity": "sha512-t4XRb9db4UeRcPs5aHNtGuXRKSvGBlTEr0zzSeoKzHD9TCaO4dSDISh9obS9hThaPuBmPKRUHN5KE1HFmqnSHg==",
      "peer": true,
      "requires": {
        "tslib": "^2.3.0"
      }
    },
    "@angular/core": {
      "version": "13.2.6",
      "resolved": "https://registry.npmjs.org/@angular/core/-/core-13.2.6.tgz",
      "integrity": "sha512-ctWsxuaSO3d3afLW+wkJSyiEIA2uhaTKNps9x5wz/oZJDaUDYVa4PM4x7/UHn2bXzBjXjN9LSW8h9F31iwmcTg==",
      "peer": true,
      "requires": {
        "tslib": "^2.3.0"
      }
    },
    "@fullcalendar/angular": {
      "version": "5.10.2",
      "resolved": "https://registry.npmjs.org/@fullcalendar/angular/-/angular-5.10.2.tgz",
      "integrity": "sha512-VullPnzbs2eoPZi8JGPvOYEDRx0juOUGXQCMNgAxAylxdhMDi3wt5LV2uirXUIFpjgLHOxha2c9sVU0oqAPhqA==",
      "requires": {
        "@fullcalendar/core": "~5.10.1",
        "fast-deep-equal": "^3.1.1",
        "tslib": "^2.0.0"
      }
    },
    "@fullcalendar/bootstrap5": {
      "version": "5.10.2",
      "resolved": "https://registry.npmjs.org/@fullcalendar/bootstrap5/-/bootstrap5-5.10.2.tgz",
      "integrity": "sha512-0wrpvHjwdp5+Wx5SNpEH9B3BDBLZ/6PylKMWph5tiBAvIxhoWFH3GhyTdbz77ImjjqOsIRT1Y6zofSLxqcwvIg==",
      "requires": {
        "@fullcalendar/common": "~5.10.1",
        "tslib": "^2.1.0"
      }
    },
    "@fullcalendar/common": {
      "version": "5.10.1",
      "resolved": "https://registry.npmjs.org/@fullcalendar/common/-/common-5.10.1.tgz",
      "integrity": "sha512-EumKIJcQTvQdTs75/9dmeREFgjcRVWzqHJS1Xvlz5mNsmB+w9EINCHETRjChtAQg1WD/lTQyVj4sHsKO7vCMSw==",
      "requires": {
        "tslib": "^2.1.0"
      }
    },
    "@fullcalendar/core": {
      "version": "5.10.1",
      "resolved": "https://registry.npmjs.org/@fullcalendar/core/-/core-5.10.1.tgz",
      "integrity": "sha512-8sVuC6ywXV+cxqsqTZaR1hgUqeyjVed20NyZ7lGW9AY0kma1GIEwLgqPS5Q6uVhHyin68lmgecKfJCwhxENE8w==",
      "requires": {
        "@fullcalendar/common": "~5.10.1",
        "preact": "^10.0.5",
        "tslib": "^2.1.0"
      }
    },
    "fast-deep-equal": {
      "version": "3.1.3",
      "resolved": "https://registry.npmjs.org/fast-deep-equal/-/fast-deep-equal-3.1.3.tgz",
      "integrity": "sha512-f3qQ9oQy9j2AhBe/H9VC91wLmKBCCU/gDOnKNAYG5hswO7BLKj09Hc5HYNz9cGI++xlpDCIgDaitVs03ATR84Q=="
    },
    "preact": {
      "version": "10.6.6",
      "resolved": "https://registry.npmjs.org/preact/-/preact-10.6.6.tgz",
      "integrity": "sha512-dgxpTFV2vs4vizwKohYKkk7g7rmp1wOOcfd4Tz3IB3Wi+ivZzsn/SpeKJhRENSE+n8sUfsAl4S3HiCVT923ABw=="
    },
    "rxjs": {
      "version": "7.5.5",
      "resolved": "https://registry.npmjs.org/rxjs/-/rxjs-7.5.5.tgz",
      "integrity": "sha512-sy+H0pQofO95VDmFLzyaw9xNJU4KTRSwQIGM6+iG3SypAtCiLDzpeG8sJrNCWn2Up9km+KhkvTdbkrdy+yzZdw==",
      "peer": true,
      "requires": {
        "tslib": "^2.1.0"
      }
    },
    "tslib": {
      "version": "2.3.1",
      "resolved": "https://registry.npmjs.org/tslib/-/tslib-2.3.1.tgz",
      "integrity": "sha512-77EbyPPpMz+FRFRuAFlWMtmgUWGe9UOG2Z25NqCwiIjRhOf5iKGuzSe5P2w1laq+FkRy4p+PCuVkJSGkzTEKVw=="
    },
    "zone.js": {
      "version": "0.11.5",
      "resolved": "https://registry.npmjs.org/zone.js/-/zone.js-0.11.5.tgz",
      "integrity": "sha512-D1/7VxEuQ7xk6z/kAROe4SUbd9CzxY4zOwVGnGHerd/SgLIVU5f4esDzQUsOCeArn933BZfWMKydH7l7dPEp0g==",
      "peer": true,
      "requires": {
        "tslib": "^2.3.0"
      }
    }
  }
}
